
Microsoft Visual Studio Solution File, Format Version 12.00
Project("{FAE04EC0-301F-11D3-BF4B-00C04F79EFBC}") = "WebApplication2", "WebApplication2\WebApplication2.csproj", "{0FE919E2-9563-49B7-9BC1-4AD2FE7E0BB5}"
EndProject
Project("{2150E333-8FDC-42A3-9474-1A3956D46DE8}") = "Solution files", "Solution files", "{D7747F16-0CBD-4EEF-B1FF-D2AA14C084A9}"
	ProjectSection(SolutionItems) = preProject
		docker-compose.yml = docker-compose.yml
	EndProjectSection
EndProject
Global
	GlobalSection(SolutionConfigurationPlatforms) = preSolution
		Debug|Any CPU = Debug|Any CPU
		Release|Any CPU = Release|Any CPU
	EndGlobalSection
	GlobalSection(ProjectConfigurationPlatforms) = postSolution
		{0FE919E2-9563-49B7-9BC1-4AD2FE7E0BB5}.Debug|Any CPU.ActiveCfg = Debug|Any CPU
		{0FE919E2-9563-49B7-9BC1-4AD2FE7E0BB5}.Debug|Any CPU.Build.0 = Debug|Any CPU
		{0FE919E2-9563-49B7-9BC1-4AD2FE7E0BB5}.Release|Any CPU.ActiveCfg = Release|Any CPU
		{0FE919E2-9563-49B7-9BC1-4AD2FE7E0BB5}.Release|Any CPU.Build.0 = Release|Any CPU
	EndGlobalSection
EndGlobal
